
Microsoft Visual Studio Solution File, Format Version 11.00
# Visual Studio 2010
Project("{8BC9CEB8-8B4A-11D0-8D11-00A0C91BC942}") = "!ZoyeePro1.0", "ZoyeePro1.0\ZoyeePro1.0.vcxproj", "{F1A93EFC-9E76-4A98-94B7-A66CEA19F759}"
EndProject
Project("{8BC9CEB8-8B4A-11D0-8D11-00A0C91BC942}") = "!TestApp", "TestApp\TestApp.vcxproj", "{9F431268-E10F-4309-8C2C-29027D63310F}"
EndProject
Project("{8BC9CEB8-8B4A-11D0-8D11-00A0C91BC942}") = "ZNetwork", "ZNetwork\ZNetwork.vcxproj", "{65700750-21D8-4F78-BA78-17350E8CBAF7}"
EndProject
Project("{8BC9CEB8-8B4A-11D0-8D11-00A0C91BC942}") = "ZTools", "ZTools\ZTools.vcxproj", "{BC09F905-EF36-43C6-BA28-0D5BD1AB16F8}"
EndProject
Project("{8BC9CEB8-8B4A-11D0-8D11-00A0C91BC942}") = "ZSystem", "ZSystem\ZSystem.vcxproj", "{979F5162-EC4D-46EB-87D3-E9E2E353C24A}"
EndProject
Project("{8BC9CEB8-8B4A-11D0-8D11-00A0C91BC942}") = "ZFile", "ZFile\ZFile.vcxproj", "{5625E635-DDCF-4B4D-96DD-E186A12FB634}"
EndProject
Global
	GlobalSection(SolutionConfigurationPlatforms) = preSolution
		Debug|Win32 = Debug|Win32
		Release|Win32 = Release|Win32
	EndGlobalSection
	GlobalSection(ProjectConfigurationPlatforms) = postSolution
		{F1A93EFC-9E76-4A98-94B7-A66CEA19F759}.Debug|Win32.ActiveCfg = Debug|Win32
		{F1A93EFC-9E76-4A98-94B7-A66CEA19F759}.Debug|Win32.Build.0 = Debug|Win32
		{F1A93EFC-9E76-4A98-94B7-A66CEA19F759}.Release|Win32.ActiveCfg = Release|Win32
		{F1A93EFC-9E76-4A98-94B7-A66CEA19F759}.Release|Win32.Build.0 = Release|Win32
		{9F431268-E10F-4309-8C2C-29027D63310F}.Debug|Win32.ActiveCfg = Debug|Win32
		{9F431268-E10F-4309-8C2C-29027D63310F}.Debug|Win32.Build.0 = Debug|Win32
		{9F431268-E10F-4309-8C2C-29027D63310F}.Release|Win32.ActiveCfg = Release|Win32
		{9F431268-E10F-4309-8C2C-29027D63310F}.Release|Win32.Build.0 = Release|Win32
		{65700750-21D8-4F78-BA78-17350E8CBAF7}.Debug|Win32.ActiveCfg = Debug|Win32
		{65700750-21D8-4F78-BA78-17350E8CBAF7}.Debug|Win32.Build.0 = Debug|Win32
		{65700750-21D8-4F78-BA78-17350E8CBAF7}.Release|Win32.ActiveCfg = Release|Win32
		{65700750-21D8-4F78-BA78-17350E8CBAF7}.Release|Win32.Build.0 = Release|Win32
		{BC09F905-EF36-43C6-BA28-0D5BD1AB16F8}.Debug|Win32.ActiveCfg = Debug|Win32
		{BC09F905-EF36-43C6-BA28-0D5BD1AB16F8}.Debug|Win32.Build.0 = Debug|Win32
		{BC09F905-EF36-43C6-BA28-0D5BD1AB16F8}.Release|Win32.ActiveCfg = Release|Win32
		{BC09F905-EF36-43C6-BA28-0D5BD1AB16F8}.Release|Win32.Build.0 = Release|Win32
		{979F5162-EC4D-46EB-87D3-E9E2E353C24A}.Debug|Win32.ActiveCfg = Debug|Win32
		{979F5162-EC4D-46EB-87D3-E9E2E353C24A}.Debug|Win32.Build.0 = Debug|Win32
		{979F5162-EC4D-46EB-87D3-E9E2E353C24A}.Release|Win32.ActiveCfg = Release|Win32
		{979F5162-EC4D-46EB-87D3-E9E2E353C24A}.Release|Win32.Build.0 = Release|Win32
		{5625E635-DDCF-4B4D-96DD-E186A12FB634}.Debug|Win32.ActiveCfg = Debug|Win32
		{5625E635-DDCF-4B4D-96DD-E186A12FB634}.Debug|Win32.Build.0 = Debug|Win32
		{5625E635-DDCF-4B4D-96DD-E186A12FB634}.Release|Win32.ActiveCfg = Release|Win32
		{5625E635-DDCF-4B4D-96DD-E186A12FB634}.Release|Win32.Build.0 = Release|Win32
	EndGlobalSection
	GlobalSection(SolutionProperties) = preSolution
		HideSolutionNode = FALSE
	EndGlobalSection
EndGlobal
